
Microsoft Visual Studio Solution File, Format Version 12.00
# Visual Studio Version 17
VisualStudioVersion = 17.0.31903.59
MinimumVisualStudioVersion = 10.0.40219.1
Project("{2150E333-8FDC-42A3-9474-1A3956D46DE8}") = "src", "src", "{E88DF1D3-3623-43AE-8949-CF928F617B9A}"
EndProject
Project("{9A19103F-16F7-4668-BE54-9A1E7A4F7556}") = "EddyePlay.Worker.Polly.CircuitBreaker", "src\EddyePlay.Worker.Polly.CircuitBreaker\EddyePlay.Worker.Polly.CircuitBreaker.csproj", "{24D91BE2-3A18-43DF-9BB7-5044251AE298}"
EndProject
Project("{9A19103F-16F7-4668-BE54-9A1E7A4F7556}") = "EddyePlay.API.Polly.CircuitBreaker", "src\EddyePlay.API.Polly.CircuitBreaker\EddyePlay.API.Polly.CircuitBreaker.csproj", "{8BCF49FE-92E7-46B3-8B7E-F70FF98F4DEB}"
EndProject
Project("{9A19103F-16F7-4668-BE54-9A1E7A4F7556}") = "EddyePlay.API.JWT", "src\EddyePlay.API.JWT\EddyePlay.API.JWT.csproj", "{D1CD3BBC-6CE0-4F97-BBCB-04E60B2BD38C}"
EndProject
Project("{FAE04EC0-301F-11D3-BF4B-00C04F79EFBC}") = "EddyePlay.Application", "src\EddyePlay.Application\EddyePlay.Application.csproj", "{01D22512-B7CB-4815-A450-6A5B48ADB611}"
EndProject
Global
	GlobalSection(SolutionConfigurationPlatforms) = preSolution
		Debug|Any CPU = Debug|Any CPU
		Release|Any CPU = Release|Any CPU
	EndGlobalSection
	GlobalSection(ProjectConfigurationPlatforms) = postSolution
		{24D91BE2-3A18-43DF-9BB7-5044251AE298}.Debug|Any CPU.ActiveCfg = Debug|Any CPU
		{24D91BE2-3A18-43DF-9BB7-5044251AE298}.Debug|Any CPU.Build.0 = Debug|Any CPU
		{24D91BE2-3A18-43DF-9BB7-5044251AE298}.Release|Any CPU.ActiveCfg = Release|Any CPU
		{24D91BE2-3A18-43DF-9BB7-5044251AE298}.Release|Any CPU.Build.0 = Release|Any CPU
		{8BCF49FE-92E7-46B3-8B7E-F70FF98F4DEB}.Debug|Any CPU.ActiveCfg = Debug|Any CPU
		{8BCF49FE-92E7-46B3-8B7E-F70FF98F4DEB}.Debug|Any CPU.Build.0 = Debug|Any CPU
		{8BCF49FE-92E7-46B3-8B7E-F70FF98F4DEB}.Release|Any CPU.ActiveCfg = Release|Any CPU
		{8BCF49FE-92E7-46B3-8B7E-F70FF98F4DEB}.Release|Any CPU.Build.0 = Release|Any CPU
		{D1CD3BBC-6CE0-4F97-BBCB-04E60B2BD38C}.Debug|Any CPU.ActiveCfg = Debug|Any CPU
		{D1CD3BBC-6CE0-4F97-BBCB-04E60B2BD38C}.Debug|Any CPU.Build.0 = Debug|Any CPU
		{D1CD3BBC-6CE0-4F97-BBCB-04E60B2BD38C}.Release|Any CPU.ActiveCfg = Release|Any CPU
		{D1CD3BBC-6CE0-4F97-BBCB-04E60B2BD38C}.Release|Any CPU.Build.0 = Release|Any CPU
		{01D22512-B7CB-4815-A450-6A5B48ADB611}.Debug|Any CPU.ActiveCfg = Debug|Any CPU
		{01D22512-B7CB-4815-A450-6A5B48ADB611}.Debug|Any CPU.Build.0 = Debug|Any CPU
		{01D22512-B7CB-4815-A450-6A5B48ADB611}.Release|Any CPU.ActiveCfg = Release|Any CPU
		{01D22512-B7CB-4815-A450-6A5B48ADB611}.Release|Any CPU.Build.0 = Release|Any CPU
	EndGlobalSection
	GlobalSection(SolutionProperties) = preSolution
		HideSolutionNode = FALSE
	EndGlobalSection
	GlobalSection(NestedProjects) = preSolution
		{24D91BE2-3A18-43DF-9BB7-5044251AE298} = {E88DF1D3-3623-43AE-8949-CF928F617B9A}
		{8BCF49FE-92E7-46B3-8B7E-F70FF98F4DEB} = {E88DF1D3-3623-43AE-8949-CF928F617B9A}
		{D1CD3BBC-6CE0-4F97-BBCB-04E60B2BD38C} = {E88DF1D3-3623-43AE-8949-CF928F617B9A}
		{01D22512-B7CB-4815-A450-6A5B48ADB611} = {E88DF1D3-3623-43AE-8949-CF928F617B9A}
	EndGlobalSection
	GlobalSection(ExtensibilityGlobals) = postSolution
		SolutionGuid = {CF6E8524-BD1D-4B5A-9997-268ACBF6E085}
	EndGlobalSection
EndGlobal
